
Microsoft Visual Studio Solution File, Format Version 12.00
# Visual Studio Version 17
VisualStudioVersion = 17.6.33829.357
MinimumVisualStudioVersion = 10.0.40219.1
Project("{FAE04EC0-301F-11D3-BF4B-00C04F79EFBC}") = "Task", "Task\Task.csproj", "{95BCEEF2-6426-4ED0-80BF-2F29E644240B}"
EndProject
Global
	GlobalSection(SolutionConfigurationPlatforms) = preSolution
		Debug|Any CPU = Debug|Any CPU
		Release|Any CPU = Release|Any CPU
	EndGlobalSection
	GlobalSection(ProjectConfigurationPlatforms) = postSolution
		{95BCEEF2-6426-4ED0-80BF-2F29E644240B}.Debug|Any CPU.ActiveCfg = Debug|Any CPU
		{95BCEEF2-6426-4ED0-80BF-2F29E644240B}.Debug|Any CPU.Build.0 = Debug|Any CPU
		{95BCEEF2-6426-4ED0-80BF-2F29E644240B}.Release|Any CPU.ActiveCfg = Release|Any CPU
		{95BCEEF2-6426-4ED0-80BF-2F29E644240B}.Release|Any CPU.Build.0 = Release|Any CPU
	EndGlobalSection
	GlobalSection(SolutionProperties) = preSolution
		HideSolutionNode = FALSE
	EndGlobalSection
	GlobalSection(ExtensibilityGlobals) = postSolution
		SolutionGuid = {F69728B9-6D92-421A-A24A-7FA6633516BD}
	EndGlobalSection
EndGlobal
